<?xml version="1.0" encoding="utf-8"?>
<Project ToolsVersion="4.0" xmlns="http://schemas.microsoft.com/developer/msbuild/2003">
  <ItemGroup>
    <Filter Include="Fichiers sources">
      <UniqueIdentifier>{4FC737F1-C7A5-4376-A066-2A32D752A2FF}</UniqueIdentifier>
      <Extensions>cpp;c;cc;cxx;def;odl;idl;hpj;bat;asm;asmx</Extensions>
    </Filter>
    <Filter Include="Fichiers d%27en-tête">
      <UniqueIdentifier>{93995380-89BD-4b04-88EB-625FBE52EBFB}</UniqueIdentifier>
      <Extensions>h;hh;hpp;hxx;hm;inl;inc;ipp;xsd</Extensions>
    </Filter>
    <Filter Include="Fichiers de ressources">
      <UniqueIdentifier>{67DA6AB6-F800-4c08-8B7A-83BB121AAD01}</UniqueIdentifier>
      <Extensions>rc;ico;cur;bmp;dlg;rc2;rct;bin;rgs;gif;jpg;jpeg;jpe;resx;tiff;tif;png;wav;mfcribbon-ms</Extensions>
    </Filter>
    <Filter Include="Fichiers sources\Ressources">
      <UniqueIdentifier>{50f229a2-5490-4b32-ad20-99c371f15a46}</UniqueIdentifier>
    </Filter>
    <Filter Include="Fichiers d%27en-tête\Ressources Headers">
      <UniqueIdentifier>{3600fc20-3cc2-462f-8051-bad439c48ac5}</UniqueIdentifier>
    </Filter>
  </ItemGroup>
  <ItemGroup>
    <ClCompile Include="Main.cpp">
      <Filter>Fichiers sources</Filter>
    </ClCompile>
    <ClCompile Include="VideoCamera.cpp">
      <Filter>Fichiers sources\Ressources</Filter>
    </ClCompile>
  </ItemGroup>
  <ItemGroup>
    <ClInclude Include="VideoCamera.h">
      <Filter>Fichiers d%27en-tête\Ressources Headers</Filter>
    </ClInclude>
    <ClInclude Include="OpenCVHeaders.h">
      <Filter>Fichiers d%27en-tête\Ressources Headers</Filter>
    </ClInclude>
  </ItemGroup>
</Project>